
Microsoft Visual Studio Solution File, Format Version 11.00
# Visual C# Express 2010
Project("{FAE04EC0-301F-11D3-BF4B-00C04F79EFBC}") = "Apsoo", "Apsoo\Apsoo.csproj", "{169BED13-CCD7-4F6D-B9B3-BD27BBB9AA17}"
EndProject
Global
	GlobalSection(SolutionConfigurationPlatforms) = preSolution
		Debug|x86 = Debug|x86
		Release|x86 = Release|x86
	EndGlobalSection
	GlobalSection(ProjectConfigurationPlatforms) = postSolution
		{169BED13-CCD7-4F6D-B9B3-BD27BBB9AA17}.Debug|x86.ActiveCfg = Debug|x86
		{169BED13-CCD7-4F6D-B9B3-BD27BBB9AA17}.Debug|x86.Build.0 = Debug|x86
		{169BED13-CCD7-4F6D-B9B3-BD27BBB9AA17}.Release|x86.ActiveCfg = Release|x86
		{169BED13-CCD7-4F6D-B9B3-BD27BBB9AA17}.Release|x86.Build.0 = Release|x86
	EndGlobalSection
	GlobalSection(SolutionProperties) = preSolution
		HideSolutionNode = FALSE
	EndGlobalSection
EndGlobal
